
Microsoft Visual Studio Solution File, Format Version 12.00
# Visual Studio Version 17
VisualStudioVersion = 17.9.34728.123
MinimumVisualStudioVersion = 10.0.40219.1
Project("{FAE04EC0-301F-11D3-BF4B-00C04F79EFBC}") = "Agenda", "Agenda.csproj", "{40D41D41-5E2F-4247-BB13-C72CAE3E0354}"
EndProject
Global
	GlobalSection(SolutionConfigurationPlatforms) = preSolution
		Debug|Any CPU = Debug|Any CPU
		Release|Any CPU = Release|Any CPU
	EndGlobalSection
	GlobalSection(ProjectConfigurationPlatforms) = postSolution
		{40D41D41-5E2F-4247-BB13-C72CAE3E0354}.Debug|Any CPU.ActiveCfg = Debug|Any CPU
		{40D41D41-5E2F-4247-BB13-C72CAE3E0354}.Debug|Any CPU.Build.0 = Debug|Any CPU
		{40D41D41-5E2F-4247-BB13-C72CAE3E0354}.Release|Any CPU.ActiveCfg = Release|Any CPU
		{40D41D41-5E2F-4247-BB13-C72CAE3E0354}.Release|Any CPU.Build.0 = Release|Any CPU
	EndGlobalSection
	GlobalSection(SolutionProperties) = preSolution
		HideSolutionNode = FALSE
	EndGlobalSection
	GlobalSection(ExtensibilityGlobals) = postSolution
		SolutionGuid = {1ABB0864-E48A-4BE3-A975-6161CEB15A9C}
	EndGlobalSection
EndGlobal
